# This file is automatically @generated by Cargo.
# It is not intended for manual editing.
version = 3

[[package]]
name = "debcontrol"
version = "0.1.1"
source = "registry+https://github.com/rust-lang/crates.io-index"
checksum = "c982e360df626dc893b96c8e4a47299645814bcaa27ba9188b8d5a48733fa81c"
dependencies = [
 "nom",
]

[[package]]
name = "fetchdebs"
version = "0.1.0"
dependencies = [
 "debcontrol",
 "rust-lzma",
]

[[package]]
name = "memchr"
version = "2.7.2"
source = "registry+https://github.com/rust-lang/crates.io-index"
checksum = "6c8640c5d730cb13ebd907d8d04b52f55ac9a2eec55b440c8892f40d56c76c1d"

[[package]]
name = "nom"
version = "5.1.3"
source = "registry+https://github.com/rust-lang/crates.io-index"
checksum = "08959a387a676302eebf4ddbcbc611da04285579f76f88ee0506c63b1a61dd4b"
dependencies = [
 "memchr",
 "version_check",
]

[[package]]
name = "pkg-config"
version = "0.3.30"
source = "registry+https://github.com/rust-lang/crates.io-index"
checksum = "d231b230927b5e4ad203db57bbcbee2802f6bce620b1e4a9024a07d94e2907ec"

[[package]]
name = "rust-lzma"
version = "0.6.0"
source = "registry+https://github.com/rust-lang/crates.io-index"
checksum = "7d62915608f6cee1d7f2fc00f28b4f058ff79d6e4ec3c2fe0006b09b52437c84"
dependencies = [
 "pkg-config",
 "vcpkg",
]

[[package]]
name = "vcpkg"
version = "0.2.15"
source = "registry+https://github.com/rust-lang/crates.io-index"
checksum = "accd4ea62f7bb7a82fe23066fb0957d48ef677f6eeb8215f372f52e48bb32426"

[[package]]
name = "version_check"
version = "0.9.4"
source = "registry+https://github.com/rust-lang/crates.io-index"
checksum = "49874b5167b65d7193b8aba1567f5c7d93d001cafc34600cee003eda787e483f"
